// !$*UTF8*$!
{
	archiveVersion = 1;
	classes = {
	};
	objectVersion = 48;
	objects = {

/* Begin PBXBuildFile section */
		035072252088F2950080DEB2 /* AppDelegate.swift in Sources */ = {isa = PBXBuildFile; fileRef = 035072242088F2950080DEB2 /* AppDelegate.swift */; };
		035072272088F2950080DEB2 /* ViewController.swift in Sources */ = {isa = PBXBuildFile; fileRef = 035072262088F2950080DEB2 /* ViewController.swift */; };
		0350722A2088F2950080DEB2 /* Main.storyboard in Resources */ = {isa = PBXBuildFile; fileRef = 035072282088F2950080DEB2 /* Main.storyboard */; };
		0350722C2088F2950080DEB2 /* Assets.xcassets in Resources */ = {isa = PBXBuildFile; fileRef = 0350722B2088F2950080DEB2 /* Assets.xcassets */; };
		0350722F2088F2950080DEB2 /* LaunchScreen.storyboard in Resources */ = {isa = PBXBuildFile; fileRef = 0350722D2088F2950080DEB2 /* LaunchScreen.storyboard */; };
		0350723A2088F2950080DEB2 /* final_projectTests.swift in Sources */ = {isa = PBXBuildFile; fileRef = 035072392088F2950080DEB2 /* final_projectTests.swift */; };
		035072452088F2950080DEB2 /* final_projectUITests.swift in Sources */ = {isa = PBXBuildFile; fileRef = 035072442088F2950080DEB2 /* final_projectUITests.swift */; };
		035072532088F78A0080DEB2 /* f4.jpg in Resources */ = {isa = PBXBuildFile; fileRef = 035072522088F7890080DEB2 /* f4.jpg */; };
		035072552088F7F90080DEB2 /* Quick farm.jpg in Resources */ = {isa = PBXBuildFile; fileRef = 035072542088F7F90080DEB2 /* Quick farm.jpg */; };
		035072572088FC6A0080DEB2 /* registerViewController.swift in Sources */ = {isa = PBXBuildFile; fileRef = 035072562088FC6A0080DEB2 /* registerViewController.swift */; };
		0350725920890EF20080DEB2 /* dbViewController.swift in Sources */ = {isa = PBXBuildFile; fileRef = 0350725820890EF20080DEB2 /* dbViewController.swift */; };
		0350725E20891AB00080DEB2 /* libsqlite3.0.tbd in Frameworks */ = {isa = PBXBuildFile; fileRef = 0350725D20891AB00080DEB2 /* libsqlite3.0.tbd */; };
/* End PBXBuildFile section */

/* Begin PBXContainerItemProxy section */
		035072362088F2950080DEB2 /* PBXContainerItemProxy */ = {
			isa = PBXContainerItemProxy;
			containerPortal = 035072192088F2950080DEB2 /* Project object */;
			proxyType = 1;
			remoteGlobalIDString = 035072202088F2950080DEB2;
			remoteInfo = "final project";
		};
		035072412088F2950080DEB2 /* PBXContainerItemProxy */ = {
			isa = PBXContainerItemProxy;
			containerPortal = 035072192088F2950080DEB2 /* Project object */;
			proxyType = 1;
			remoteGlobalIDString = 035072202088F2950080DEB2;
			remoteInfo = "final project";
		};
/* End PBXContainerItemProxy section */

/* Begin PBXFileReference section */
		035072212088F2950080DEB2 /* final project.app */ = {isa = PBXFileReference; explicitFileType = wrapper.application; includeInIndex = 0; path = "final project.app"; sourceTree = BUILT_PRODUCTS_DIR; };
		035072242088F2950080DEB2 /* AppDelegate.swift */ = {isa = PBXFileReference; lastKnownFileType = sourcecode.swift; path = AppDelegate.swift; sourceTree = "<group>"; };
		035072262088F2950080DEB2 /* ViewController.swift */ = {isa = PBXFileReference; lastKnownFileType = sourcecode.swift; path = ViewController.swift; sourceTree = "<group>"; };
		035072292088F2950080DEB2 /* Base */ = {isa = PBXFileReference; lastKnownFileType = file.storyboard; name = Base; path = Base.lproj/Main.storyboard; sourceTree = "<group>"; };
		0350722B2088F2950080DEB2 /* Assets.xcassets */ = {isa = PBXFileReference; lastKnownFileType = folder.assetcatalog; path = Assets.xcassets; sourceTree = "<group>"; };
		0350722E2088F2950080DEB2 /* Base */ = {isa = PBXFileReference; lastKnownFileType = file.storyboard; name = Base; path = Base.lproj/LaunchScreen.storyboard; sourceTree = "<group>"; };
		035072302088F2950080DEB2 /* Info.plist */ = {isa = PBXFileReference; lastKnownFileType = text.plist.xml; path = Info.plist; sourceTree = "<group>"; };
		035072352088F2950080DEB2 /* final projectTests.xctest */ = {isa = PBXFileReference; explicitFileType = wrapper.cfbundle; includeInIndex = 0; path = "final projectTests.xctest"; sourceTree = BUILT_PRODUCTS_DIR; };
		035072392088F2950080DEB2 /* final_projectTests.swift */ = {isa = PBXFileReference; lastKnownFileType = sourcecode.swift; path = final_projectTests.swift; sourceTree = "<group>"; };
		0350723B2088F2950080DEB2 /* Info.plist */ = {isa = PBXFileReference; lastKnownFileType = text.plist.xml; path = Info.plist; sourceTree = "<group>"; };
		035072402088F2950080DEB2 /* final projectUITests.xctest */ = {isa = PBXFileReference; explicitFileType = wrapper.cfbundle; includeInIndex = 0; path = "final projectUITests.xctest"; sourceTree = BUILT_PRODUCTS_DIR; };
		035072442088F2950080DEB2 /* final_projectUITests.swift */ = {isa = PBXFileReference; lastKnownFileType = sourcecode.swift; path = final_projectUITests.swift; sourceTree = "<group>"; };
		035072462088F2950080DEB2 /* Info.plist */ = {isa = PBXFileReference; lastKnownFileType = text.plist.xml; path = Info.plist; sourceTree = "<group>"; };
		035072522088F7890080DEB2 /* f4.jpg */ = {isa = PBXFileReference; lastKnownFileType = image.jpeg; path = f4.jpg; sourceTree = "<group>"; };
		035072542088F7F90080DEB2 /* Quick farm.jpg */ = {isa = PBXFileReference; lastKnownFileType = image.jpeg; path = "Quick farm.jpg"; sourceTree = "<group>"; };
		035072562088FC6A0080DEB2 /* registerViewController.swift */ = {isa = PBXFileReference; lastKnownFileType = sourcecode.swift; path = registerViewController.swift; sourceTree = "<group>"; };
		0350725820890EF20080DEB2 /* dbViewController.swift */ = {isa = PBXFileReference; lastKnownFileType = sourcecode.swift; path = dbViewController.swift; sourceTree = "<group>"; };
		0350725B208918FD0080DEB2 /* project.db */ = {isa = PBXFileReference; lastKnownFileType = file; path = project.db; sourceTree = "<group>"; };
		0350725D20891AB00080DEB2 /* libsqlite3.0.tbd */ = {isa = PBXFileReference; lastKnownFileType = "sourcecode.text-based-dylib-definition"; name = libsqlite3.0.tbd; path = usr/lib/libsqlite3.0.tbd; sourceTree = SDKROOT; };
/* End PBXFileReference section */

/* Begin PBXFrameworksBuildPhase section */
		0350721E2088F2950080DEB2 /* Frameworks */ = {
			isa = PBXFrameworksBuildPhase;
			buildActionMask = 2147483647;
			files = (
				0350725E20891AB00080DEB2 /* libsqlite3.0.tbd in Frameworks */,
			);
			runOnlyForDeploymentPostprocessing = 0;
		};
		035072322088F2950080DEB2 /* Frameworks */ = {
			isa = PBXFrameworksBuildPhase;
			buildActionMask = 2147483647;
			files = (
			);
			runOnlyForDeploymentPostprocessing = 0;
		};
		0350723D2088F2950080DEB2 /* Frameworks */ = {
			isa = PBXFrameworksBuildPhase;
			buildActionMask = 2147483647;
			files = (
			);
			runOnlyForDeploymentPostprocessing = 0;
		};
/* End PBXFrameworksBuildPhase section */

/* Begin PBXGroup section */
		035072182088F2950080DEB2 = {
			isa = PBXGroup;
			children = (
				035072232088F2950080DEB2 /* final project */,
				035072382088F2950080DEB2 /* final projectTests */,
				035072432088F2950080DEB2 /* final projectUITests */,
				035072222088F2950080DEB2 /* Products */,
				0350725C20891AB00080DEB2 /* Frameworks */,
			);
			sourceTree = "<group>";
		};
		035072222088F2950080DEB2 /* Products */ = {
			isa = PBXGroup;
			children = (
				035072212088F2950080DEB2 /* final project.app */,
				035072352088F2950080DEB2 /* final projectTests.xctest */,
				035072402088F2950080DEB2 /* final projectUITests.xctest */,
			);
			name = Products;
			sourceTree = "<group>";
		};
		035072232088F2950080DEB2 /* final project */ = {
			isa = PBXGroup;
			children = (
				0350725B208918FD0080DEB2 /* project.db */,
				035072242088F2950080DEB2 /* AppDelegate.swift */,
				035072262088F2950080DEB2 /* ViewController.swift */,
				035072282088F2950080DEB2 /* Main.storyboard */,
				0350725820890EF20080DEB2 /* dbViewController.swift */,
				035072562088FC6A0080DEB2 /* registerViewController.swift */,
				0350722B2088F2950080DEB2 /* Assets.xcassets */,
				0350722D2088F2950080DEB2 /* LaunchScreen.storyboard */,
				035072302088F2950080DEB2 /* Info.plist */,
				035072542088F7F90080DEB2 /* Quick farm.jpg */,
				035072522088F7890080DEB2 /* f4.jpg */,
			);
			path = "final project";
			sourceTree = "<group>";
		};
		035072382088F2950080DEB2 /* final projectTests */ = {
			isa = PBXGroup;
			children = (
				035072392088F2950080DEB2 /* final_projectTests.swift */,
				0350723B2088F2950080DEB2 /* Info.plist */,
			);
			path = "final projectTests";
			sourceTree = "<group>";
		};
		035072432088F2950080DEB2 /* final projectUITests */ = {
			isa = PBXGroup;
			children = (
				035072442088F2950080DEB2 /* final_projectUITests.swift */,
				035072462088F2950080DEB2 /* Info.plist */,
			);
			path = "final projectUITests";
			sourceTree = "<group>";
		};
		0350725C20891AB00080DEB2 /* Frameworks */ = {
			isa = PBXGroup;
			children = (
				0350725D20891AB00080DEB2 /* libsqlite3.0.tbd */,
			);
			name = Frameworks;
			sourceTree = "<group>";
		};
/* End PBXGroup section */

/* Begin PBXNativeTarget section */
		035072202088F2950080DEB2 /* final project */ = {
			isa = PBXNativeTarget;
			buildConfigurationList = 035072492088F2950080DEB2 /* Build configuration list for PBXNativeTarget "final project" */;
			buildPhases = (
				0350721D2088F2950080DEB2 /* Sources */,
				0350721E2088F2950080DEB2 /* Frameworks */,
				0350721F2088F2950080DEB2 /* Resources */,
			);
			buildRules = (
			);
			dependencies = (
			);
			name = "final project";
			productName = "final project";
			productReference = 035072212088F2950080DEB2 /* final project.app */;
			productType = "com.apple.product-type.application";
		};
		035072342088F2950080DEB2 /* final projectTests */ = {
			isa = PBXNativeTarget;
			buildConfigurationList = 0350724C2088F2950080DEB2 /* Build configuration list for PBXNativeTarget "final projectTests" */;
			buildPhases = (
				035072312088F2950080DEB2 /* Sources */,
				035072322088F2950080DEB2 /* Frameworks */,
				035072332088F2950080DEB2 /* Resources */,
			);
			buildRules = (
			);
			dependencies = (
				035072372088F2950080DEB2 /* PBXTargetDependency */,
			);
			name = "final projectTests";
			productName = "final projectTests";
			productReference = 035072352088F2950080DEB2 /* final projectTests.xctest */;
			productType = "com.apple.product-type.bundle.unit-test";
		};
		0350723F2088F2950080DEB2 /* final projectUITests */ = {
			isa = PBXNativeTarget;
			buildConfigurationList = 0350724F2088F2950080DEB2 /* Build configuration list for PBXNativeTarget "final projectUITests" */;
			buildPhases = (
				0350723C2088F2950080DEB2 /* Sources */,
				0350723D2088F2950080DEB2 /* Frameworks */,
				0350723E2088F2950080DEB2 /* Resources */,
			);
			buildRules = (
			);
			dependencies = (
				035072422088F2950080DEB2 /* PBXTargetDependency */,
			);
			name = "final projectUITests";
			productName = "final projectUITests";
			productReference = 035072402088F2950080DEB2 /* final projectUITests.xctest */;
			productType = "com.apple.product-type.bundle.ui-testing";
		};
/* End PBXNativeTarget section */

/* Begin PBXProject section */
		035072192088F2950080DEB2 /* Project object */ = {
			isa = PBXProject;
			attributes = {
				LastSwiftUpdateCheck = 0920;
				LastUpgradeCheck = 0920;
				ORGANIZATIONNAME = HAB;
				TargetAttributes = {
					035072202088F2950080DEB2 = {
						CreatedOnToolsVersion = 9.2;
						ProvisioningStyle = Automatic;
					};
					035072342088F2950080DEB2 = {
						CreatedOnToolsVersion = 9.2;
						ProvisioningStyle = Automatic;
						TestTargetID = 035072202088F2950080DEB2;
					};
					0350723F2088F2950080DEB2 = {
						CreatedOnToolsVersion = 9.2;
						ProvisioningStyle = Automatic;
						TestTargetID = 035072202088F2950080DEB2;
					};
				};
			};
			buildConfigurationList = 0350721C2088F2950080DEB2 /* Build configuration list for PBXProject "final project" */;
			compatibilityVersion = "Xcode 8.0";
			developmentRegion = en;
			hasScannedForEncodings = 0;
			knownRegions = (
				en,
				Base,
			);
			mainGroup = 035072182088F2950080DEB2;
			productRefGroup = 035072222088F2950080DEB2 /* Products */;
			projectDirPath = "";
			projectRoot = "";
			targets = (
				035072202088F2950080DEB2 /* final project */,
				035072342088F2950080DEB2 /* final projectTests */,
				0350723F2088F2950080DEB2 /* final projectUITests */,
			);
		};
/* End PBXProject section */

/* Begin PBXResourcesBuildPhase section */
		0350721F2088F2950080DEB2 /* Resources */ = {
			isa = PBXResourcesBuildPhase;
			buildActionMask = 2147483647;
			files = (
				0350722F2088F2950080DEB2 /* LaunchScreen.storyboard in Resources */,
				035072552088F7F90080DEB2 /* Quick farm.jpg in Resources */,
				0350722C2088F2950080DEB2 /* Assets.xcassets in Resources */,
				0350722A2088F2950080DEB2 /* Main.storyboard in Resources */,
				035072532088F78A0080DEB2 /* f4.jpg in Resources */,
			);
			runOnlyForDeploymentPostprocessing = 0;
		};
		035072332088F2950080DEB2 /* Resources */ = {
			isa = PBXResourcesBuildPhase;
			buildActionMask = 2147483647;
			files = (
			);
			runOnlyForDeploymentPostprocessing = 0;
		};
		0350723E2088F2950080DEB2 /* Resources */ = {
			isa = PBXResourcesBuildPhase;
			buildActionMask = 2147483647;
			files = (
			);
			runOnlyForDeploymentPostprocessing = 0;
		};
/* End PBXResourcesBuildPhase section */

/* Begin PBXSourcesBuildPhase section */
		0350721D2088F2950080DEB2 /* Sources */ = {
			isa = PBXSourcesBuildPhase;
			buildActionMask = 2147483647;
			files = (
				035072572088FC6A0080DEB2 /* registerViewController.swift in Sources */,
				035072272088F2950080DEB2 /* ViewController.swift in Sources */,
				0350725920890EF20080DEB2 /* dbViewController.swift in Sources */,
				035072252088F2950080DEB2 /* AppDelegate.swift in Sources */,
			);
			runOnlyForDeploymentPostprocessing = 0;
		};
		035072312088F2950080DEB2 /* Sources */ = {
			isa = PBXSourcesBuildPhase;
			buildActionMask = 2147483647;
			files = (
				0350723A2088F2950080DEB2 /* final_projectTests.swift in Sources */,
			);
			runOnlyForDeploymentPostprocessing = 0;
		};
		0350723C2088F2950080DEB2 /* Sources */ = {
			isa = PBXSourcesBuildPhase;
			buildActionMask = 2147483647;
			files = (
				035072452088F2950080DEB2 /* final_projectUITests.swift in Sources */,
			);
			runOnlyForDeploymentPostprocessing = 0;
		};
/* End PBXSourcesBuildPhase section */

/* Begin PBXTargetDependency section */
		035072372088F2950080DEB2 /* PBXTargetDependency */ = {
			isa = PBXTargetDependency;
			target = 035072202088F2950080DEB2 /* final project */;
			targetProxy = 035072362088F2950080DEB2 /* PBXContainerItemProxy */;
		};
		035072422088F2950080DEB2 /* PBXTargetDependency */ = {
			isa = PBXTargetDependency;
			target = 035072202088F2950080DEB2 /* final project */;
			targetProxy = 035072412088F2950080DEB2 /* PBXContainerItemProxy */;
		};
/* End PBXTargetDependency section */

/* Begin PBXVariantGroup section */
		035072282088F2950080DEB2 /* Main.storyboard */ = {
			isa = PBXVariantGroup;
			children = (
				035072292088F2950080DEB2 /* Base */,
			);
			name = Main.storyboard;
			sourceTree = "<group>";
		};
		0350722D2088F2950080DEB2 /* LaunchScreen.storyboard */ = {
			isa = PBXVariantGroup;
			children = (
				0350722E2088F2950080DEB2 /* Base */,
			);
			name = LaunchScreen.storyboard;
			sourceTree = "<group>";
		};
/* End PBXVariantGroup section */

/* Begin XCBuildConfiguration section */
		035072472088F2950080DEB2 /* Debug */ = {
			isa = XCBuildConfiguration;
			buildSettings = {
				ALWAYS_SEARCH_USER_PATHS = NO;
				CLANG_ANALYZER_NONNULL = YES;
				CLANG_ANALYZER_NUMBER_OBJECT_CONVERSION = YES_AGGRESSIVE;
				CLANG_CXX_LANGUAGE_STANDARD = "gnu++14";
				CLANG_CXX_LIBRARY = "libc++";
				CLANG_ENABLE_MODULES = YES;
				CLANG_ENABLE_OBJC_ARC = YES;
				CLANG_WARN_BLOCK_CAPTURE_AUTORELEASING = YES;
				CLANG_WARN_BOOL_CONVERSION = YES;
				CLANG_WARN_COMMA = YES;
				CLANG_WARN_CONSTANT_CONVERSION = YES;
				CLANG_WARN_DIRECT_OBJC_ISA_USAGE = YES_ERROR;
				CLANG_WARN_DOCUMENTATION_COMMENTS = YES;
				CLANG_WARN_EMPTY_BODY = YES;
				CLANG_WARN_ENUM_CONVERSION = YES;
				CLANG_WARN_INFINITE_RECURSION = YES;
				CLANG_WARN_INT_CONVERSION = YES;
				CLANG_WARN_NON_LITERAL_NULL_CONVERSION = YES;
				CLANG_WARN_OBJC_LITERAL_CONVERSION = YES;
				CLANG_WARN_OBJC_ROOT_CLASS = YES_ERROR;
				CLANG_WARN_RANGE_LOOP_ANALYSIS = YES;
				CLANG_WARN_STRICT_PROTOTYPES = YES;
				CLANG_WARN_SUSPICIOUS_MOVE = YES;
				CLANG_WARN_UNGUARDED_AVAILABILITY = YES_AGGRESSIVE;
				CLANG_WARN_UNREACHABLE_CODE = YES;
				CLANG_WARN__DUPLICATE_METHOD_MATCH = YES;
				CODE_SIGN_IDENTITY = "iPhone Developer";
				COPY_PHASE_STRIP = NO;
				DEBUG_INFORMATION_FORMAT = dwarf;
				ENABLE_STRICT_OBJC_MSGSEND = YES;
				ENABLE_TESTABILITY = YES;
				GCC_C_LANGUAGE_STANDARD = gnu11;
				GCC_DYNAMIC_NO_PIC = NO;
				GCC_NO_COMMON_BLOCKS = YES;
				GCC_OPTIMIZATION_LEVEL = 0;
				GCC_PREPROCESSOR_DEFINITIONS = (
					"DEBUG=1",
					"$(inherited)",
				);
				GCC_WARN_64_TO_32_BIT_CONVERSION = YES;
				GCC_WARN_ABOUT_RETURN_TYPE = YES_ERROR;
				GCC_WARN_UNDECLARED_SELECTOR = YES;
				GCC_WARN_UNINITIALIZED_AUTOS = YES_AGGRESSIVE;
				GCC_WARN_UNUSED_FUNCTION = YES;
				GCC_WARN_UNUSED_VARIABLE = YES;
				IPHONEOS_DEPLOYMENT_TARGET = 11.2;
				MTL_ENABLE_DEBUG_INFO = YES;
				ONLY_ACTIVE_ARCH = YES;
				SDKROOT = iphoneos;
				SWIFT_ACTIVE_COMPILATION_CONDITIONS = DEBUG;
				SWIFT_OPTIMIZATION_LEVEL = "-Onone";
			};
			name = Debug;
		};
		035072482088F2950080DEB2 /* Release */ = {
			isa = XCBuildConfiguration;
			buildSettings = {
				ALWAYS_SEARCH_USER_PATHS = NO;
				CLANG_ANALYZER_NONNULL = YES;
				CLANG_ANALYZER_NUMBER_OBJECT_CONVERSION = YES_AGGRESSIVE;
				CLANG_CXX_LANGUAGE_STANDARD = "gnu++14";
				CLANG_CXX_LIBRARY = "libc++";
				CLANG_ENABLE_MODULES = YES;
				CLANG_ENABLE_OBJC_ARC = YES;
				CLANG_WARN_BLOCK_CAPTURE_AUTORELEASING = YES;
				CLANG_WARN_BOOL_CONVERSION = YES;
				CLANG_WARN_COMMA = YES;
				CLANG_WARN_CONSTANT_CONVERSION = YES;
				CLANG_WARN_DIRECT_OBJC_ISA_USAGE = YES_ERROR;
				CLANG_WARN_DOCUMENTATION_COMMENTS = YES;
				CLANG_WARN_EMPTY_BODY = YES;
				CLANG_WARN_ENUM_CONVERSION = YES;
				CLANG_WARN_INFINITE_RECURSION = YES;
				CLANG_WARN_INT_CONVERSION = YES;
				CLANG_WARN_NON_LITERAL_NULL_CONVERSION = YES;
				CLANG_WARN_OBJC_LITERAL_CONVERSION = YES;
				CLANG_WARN_OBJC_ROOT_CLASS = YES_ERROR;
				CLANG_WARN_RANGE_LOOP_ANALYSIS = YES;
				CLANG_WARN_STRICT_PROTOTYPES = YES;
				CLANG_WARN_SUSPICIOUS_MOVE = YES;
				CLANG_WARN_UNGUARDED_AVAILABILITY = YES_AGGRESSIVE;
				CLANG_WARN_UNREACHABLE_CODE = YES;
				CLANG_WARN__DUPLICATE_METHOD_MATCH = YES;
				CODE_SIGN_IDENTITY = "iPhone Developer";
				COPY_PHASE_STRIP = NO;
				DEBUG_INFORMATION_FORMAT = "dwarf-with-dsym";
				ENABLE_NS_ASSERTIONS = NO;
				ENABLE_STRICT_OBJC_MSGSEND = YES;
				GCC_C_LANGUAGE_STANDARD = gnu11;
				GCC_NO_COMMON_BLOCKS = YES;
				GCC_WARN_64_TO_32_BIT_CONVERSION = YES;
				GCC_WARN_ABOUT_RETURN_TYPE = YES_ERROR;
				GCC_WARN_UNDECLARED_SELECTOR = YES;
				GCC_WARN_UNINITIALIZED_AUTOS = YES_AGGRESSIVE;
				GCC_WARN_UNUSED_FUNCTION = YES;
				GCC_WARN_UNUSED_VARIABLE = YES;
				IPHONEOS_DEPLOYMENT_TARGET = 11.2;
				MTL_ENABLE_DEBUG_INFO = NO;
				SDKROOT = iphoneos;
				SWIFT_OPTIMIZATION_LEVEL = "-Owholemodule";
				VALIDATE_PRODUCT = YES;
			};
			name = Release;
		};
		0350724A2088F2950080DEB2 /* Debug */ = {
			isa = XCBuildConfiguration;
			buildSettings = {
				ASSETCATALOG_COMPILER_APPICON_NAME = AppIcon;
				CODE_SIGN_STYLE = Automatic;
				INFOPLIST_FILE = "final project/Info.plist";
				LD_RUNPATH_SEARCH_PATHS = "$(inherited) @executable_path/Frameworks";
				PRODUCT_BUNDLE_IDENTIFIER = "HAB.final-project";
				PRODUCT_NAME = "$(TARGET_NAME)";
				SWIFT_VERSION = 4.0;
				TARGETED_DEVICE_FAMILY = "1,2";
			};
			name = Debug;
		};
		0350724B2088F2950080DEB2 /* Release */ = {
			isa = XCBuildConfiguration;
			buildSettings = {
				ASSETCATALOG_COMPILER_APPICON_NAME = AppIcon;
				CODE_SIGN_STYLE = Automatic;
				INFOPLIST_FILE = "final project/Info.plist";
				LD_RUNPATH_SEARCH_PATHS = "$(inherited) @executable_path/Frameworks";
				PRODUCT_BUNDLE_IDENTIFIER = "HAB.final-project";
				PRODUCT_NAME = "$(TARGET_NAME)";
				SWIFT_VERSION = 4.0;
				TARGETED_DEVICE_FAMILY = "1,2";
			};
			name = Release;
		};
		0350724D2088F2950080DEB2 /* Debug */ = {
			isa = XCBuildConfiguration;
			buildSettings = {
				ALWAYS_EMBED_SWIFT_STANDARD_LIBRARIES = YES;
				BUNDLE_LOADER = "$(TEST_HOST)";
				CODE_SIGN_STYLE = Automatic;
				INFOPLIST_FILE = "final projectTests/Info.plist";
				LD_RUNPATH_SEARCH_PATHS = "$(inherited) @executable_path/Frameworks @loader_path/Frameworks";
				PRODUCT_BUNDLE_IDENTIFIER = "HAB.final-projectTests";
				PRODUCT_NAME = "$(TARGET_NAME)";
				SWIFT_VERSION = 4.0;
				TARGETED_DEVICE_FAMILY = "1,2";
				TEST_HOST = "$(BUILT_PRODUCTS_DIR)/final project.app/final project";
			};
			name = Debug;
		};
		0350724E2088F2950080DEB2 /* Release */ = {
			isa = XCBuildConfiguration;
			buildSettings = {
				ALWAYS_EMBED_SWIFT_STANDARD_LIBRARIES = YES;
				BUNDLE_LOADER = "$(TEST_HOST)";
				CODE_SIGN_STYLE = Automatic;
				INFOPLIST_FILE = "final projectTests/Info.plist";
				LD_RUNPATH_SEARCH_PATHS = "$(inherited) @executable_path/Frameworks @loader_path/Frameworks";
				PRODUCT_BUNDLE_IDENTIFIER = "HAB.final-projectTests";
				PRODUCT_NAME = "$(TARGET_NAME)";
				SWIFT_VERSION = 4.0;
				TARGETED_DEVICE_FAMILY = "1,2";
				TEST_HOST = "$(BUILT_PRODUCTS_DIR)/final project.app/final project";
			};
			name = Release;
		};
		035072502088F2950080DEB2 /* Debug */ = {
			isa = XCBuildConfiguration;
			buildSettings = {
				ALWAYS_EMBED_SWIFT_STANDARD_LIBRARIES = YES;
				CODE_SIGN_STYLE = Automatic;
				INFOPLIST_FILE = "final projectUITests/Info.plist";
				LD_RUNPATH_SEARCH_PATHS = "$(inherited) @executable_path/Frameworks @loader_path/Frameworks";
				PRODUCT_BUNDLE_IDENTIFIER = "HAB.final-projectUITests";
				PRODUCT_NAME = "$(TARGET_NAME)";
				SWIFT_VERSION = 4.0;
				TARGETED_DEVICE_FAMILY = "1,2";
				TEST_TARGET_NAME = "final project";
			};
			name = Debug;
		};
		035072512088F2950080DEB2 /* Release */ = {
			isa = XCBuildConfiguration;
			buildSettings = {
				ALWAYS_EMBED_SWIFT_STANDARD_LIBRARIES = YES;
				CODE_SIGN_STYLE = Automatic;
				INFOPLIST_FILE = "final projectUITests/Info.plist";
				LD_RUNPATH_SEARCH_PATHS = "$(inherited) @executable_path/Frameworks @loader_path/Frameworks";
				PRODUCT_BUNDLE_IDENTIFIER = "HAB.final-projectUITests";
				PRODUCT_NAME = "$(TARGET_NAME)";
				SWIFT_VERSION = 4.0;
				TARGETED_DEVICE_FAMILY = "1,2";
				TEST_TARGET_NAME = "final project";
			};
			name = Release;
		};
/* End XCBuildConfiguration section */

/* Begin XCConfigurationList section */
		0350721C2088F2950080DEB2 /* Build configuration list for PBXProject "final project" */ = {
			isa = XCConfigurationList;
			buildConfigurations = (
				035072472088F2950080DEB2 /* Debug */,
				035072482088F2950080DEB2 /* Release */,
			);
			defaultConfigurationIsVisible = 0;
			defaultConfigurationName = Release;
		};
		035072492088F2950080DEB2 /* Build configuration list for PBXNativeTarget "final project" */ = {
			isa = XCConfigurationList;
			buildConfigurations = (
				0350724A2088F2950080DEB2 /* Debug */,
				0350724B2088F2950080DEB2 /* Release */,
			);
			defaultConfigurationIsVisible = 0;
			defaultConfigurationName = Release;
		};
		0350724C2088F2950080DEB2 /* Build configuration list for PBXNativeTarget "final projectTests" */ = {
			isa = XCConfigurationList;
			buildConfigurations = (
				0350724D2088F2950080DEB2 /* Debug */,
				0350724E2088F2950080DEB2 /* Release */,
			);
			defaultConfigurationIsVisible = 0;
			defaultConfigurationName = Release;
		};
		0350724F2088F2950080DEB2 /* Build configuration list for PBXNativeTarget "final projectUITests" */ = {
			isa = XCConfigurationList;
			buildConfigurations = (
				035072502088F2950080DEB2 /* Debug */,
				035072512088F2950080DEB2 /* Release */,
			);
			defaultConfigurationIsVisible = 0;
			defaultConfigurationName = Release;
		};
/* End XCConfigurationList section */
	};
	rootObject = 035072192088F2950080DEB2 /* Project object */;
}
